// !$*UTF8*$!
{
	archiveVersion = 1;
	classes = {
	};
	objectVersion = 50;
	objects = {

/* Begin PBXBuildFile section */
		4B0622852180D86C0065306D /* AppDelegate.swift in Sources */ = {isa = PBXBuildFile; fileRef = 4B0622842180D86C0065306D /* AppDelegate.swift */; };
		4B06228A2180D86C0065306D /* Main.storyboard in Resources */ = {isa = PBXBuildFile; fileRef = 4B0622882180D86C0065306D /* Main.storyboard */; };
		4B06228C2180D86E0065306D /* Assets.xcassets in Resources */ = {isa = PBXBuildFile; fileRef = 4B06228B2180D86E0065306D /* Assets.xcassets */; };
		4B06228F2180D86E0065306D /* LaunchScreen.storyboard in Resources */ = {isa = PBXBuildFile; fileRef = 4B06228D2180D86E0065306D /* LaunchScreen.storyboard */; };
		4B0622972180D9C10065306D /* NewsEntry.swift in Sources */ = {isa = PBXBuildFile; fileRef = 4B0622962180D9C10065306D /* NewsEntry.swift */; };
		4B0622992180DB8C0065306D /* Model.swift in Sources */ = {isa = PBXBuildFile; fileRef = 4B0622982180DB8C0065306D /* Model.swift */; };
		4B06229B2180DF9D0065306D /* ImageLoader.swift in Sources */ = {isa = PBXBuildFile; fileRef = 4B06229A2180DF9D0065306D /* ImageLoader.swift */; };
		4B06229D2180E0AA0065306D /* TableViewCell.swift in Sources */ = {isa = PBXBuildFile; fileRef = 4B06229C2180E0AA0065306D /* TableViewCell.swift */; };
		4B06229F2180E0B10065306D /* TableViewCell.xib in Resources */ = {isa = PBXBuildFile; fileRef = 4B06229E2180E0B10065306D /* TableViewCell.xib */; };
		4B0622A12180E27F0065306D /* TableViewController.swift in Sources */ = {isa = PBXBuildFile; fileRef = 4B0622A02180E27F0065306D /* TableViewController.swift */; };
		4B0622A52180E52E0065306D /* LaunchScreen.storyboard in Resources */ = {isa = PBXBuildFile; fileRef = 4B0622A32180E52E0065306D /* LaunchScreen.storyboard */; };
		4B0622A62180E52E0065306D /* LambdaLogoAssets.xcassets in Resources */ = {isa = PBXBuildFile; fileRef = 4B0622A42180E52E0065306D /* LambdaLogoAssets.xcassets */; };
		4B0622A821810D100065306D /* PreferencesTableViewController.swift in Sources */ = {isa = PBXBuildFile; fileRef = 4B0622A721810D100065306D /* PreferencesTableViewController.swift */; };
		4B0622AA218123AA0065306D /* PreferenceHelper.swift in Sources */ = {isa = PBXBuildFile; fileRef = 4B0622A9218123AA0065306D /* PreferenceHelper.swift */; };
		4B0622AC21812D400065306D /* ArticleDetailViewController.swift in Sources */ = {isa = PBXBuildFile; fileRef = 4B0622AB21812D400065306D /* ArticleDetailViewController.swift */; };
		4B0622AE21820EA30065306D /* Theming.swift in Sources */ = {isa = PBXBuildFile; fileRef = 4B0622AD21820EA30065306D /* Theming.swift */; };
		4B0622B021820EBE0065306D /* AppTheme.swift in Sources */ = {isa = PBXBuildFile; fileRef = 4B0622AF21820EBE0065306D /* AppTheme.swift */; };
		4B0622B221820EE40065306D /* AppThemeProvider.swift in Sources */ = {isa = PBXBuildFile; fileRef = 4B0622B121820EE40065306D /* AppThemeProvider.swift */; };
		4B0622B421820F200065306D /* SubscribableValue.swift in Sources */ = {isa = PBXBuildFile; fileRef = 4B0622B321820F200065306D /* SubscribableValue.swift */; };
		4B0622B621820F390065306D /* Weak.swift in Sources */ = {isa = PBXBuildFile; fileRef = 4B0622B521820F390065306D /* Weak.swift */; };
		4B0622B821820FC50065306D /* ArrayExtensions.swift in Sources */ = {isa = PBXBuildFile; fileRef = 4B0622B721820FC50065306D /* ArrayExtensions.swift */; };
/* End PBXBuildFile section */

/* Begin PBXFileReference section */
		4B0622812180D86C0065306D /* News.app */ = {isa = PBXFileReference; explicitFileType = wrapper.application; includeInIndex = 0; path = News.app; sourceTree = BUILT_PRODUCTS_DIR; };
		4B0622842180D86C0065306D /* AppDelegate.swift */ = {isa = PBXFileReference; lastKnownFileType = sourcecode.swift; path = AppDelegate.swift; sourceTree = "<group>"; };
		4B0622892180D86C0065306D /* Base */ = {isa = PBXFileReference; lastKnownFileType = file.storyboard; name = Base; path = Base.lproj/Main.storyboard; sourceTree = "<group>"; };
		4B06228B2180D86E0065306D /* Assets.xcassets */ = {isa = PBXFileReference; lastKnownFileType = folder.assetcatalog; path = Assets.xcassets; sourceTree = "<group>"; };
		4B06228E2180D86E0065306D /* Base */ = {isa = PBXFileReference; lastKnownFileType = file.storyboard; name = Base; path = Base.lproj/LaunchScreen.storyboard; sourceTree = "<group>"; };
		4B0622902180D86E0065306D /* Info.plist */ = {isa = PBXFileReference; lastKnownFileType = text.plist.xml; path = Info.plist; sourceTree = "<group>"; };
		4B0622962180D9C10065306D /* NewsEntry.swift */ = {isa = PBXFileReference; lastKnownFileType = sourcecode.swift; path = NewsEntry.swift; sourceTree = "<group>"; };
		4B0622982180DB8C0065306D /* Model.swift */ = {isa = PBXFileReference; lastKnownFileType = sourcecode.swift; path = Model.swift; sourceTree = "<group>"; };
		4B06229A2180DF9D0065306D /* ImageLoader.swift */ = {isa = PBXFileReference; lastKnownFileType = sourcecode.swift; path = ImageLoader.swift; sourceTree = "<group>"; };
		4B06229C2180E0AA0065306D /* TableViewCell.swift */ = {isa = PBXFileReference; lastKnownFileType = sourcecode.swift; path = TableViewCell.swift; sourceTree = "<group>"; };
		4B06229E2180E0B10065306D /* TableViewCell.xib */ = {isa = PBXFileReference; lastKnownFileType = file.xib; path = TableViewCell.xib; sourceTree = "<group>"; };
		4B0622A02180E27F0065306D /* TableViewController.swift */ = {isa = PBXFileReference; lastKnownFileType = sourcecode.swift; path = TableViewController.swift; sourceTree = "<group>"; };
		4B0622A32180E52E0065306D /* LaunchScreen.storyboard */ = {isa = PBXFileReference; fileEncoding = 4; lastKnownFileType = file.storyboard; path = LaunchScreen.storyboard; sourceTree = "<group>"; };
		4B0622A42180E52E0065306D /* LambdaLogoAssets.xcassets */ = {isa = PBXFileReference; lastKnownFileType = folder.assetcatalog; path = LambdaLogoAssets.xcassets; sourceTree = "<group>"; };
		4B0622A721810D100065306D /* PreferencesTableViewController.swift */ = {isa = PBXFileReference; lastKnownFileType = sourcecode.swift; path = PreferencesTableViewController.swift; sourceTree = "<group>"; };
		4B0622A9218123AA0065306D /* PreferenceHelper.swift */ = {isa = PBXFileReference; lastKnownFileType = sourcecode.swift; path = PreferenceHelper.swift; sourceTree = "<group>"; };
		4B0622AB21812D400065306D /* ArticleDetailViewController.swift */ = {isa = PBXFileReference; lastKnownFileType = sourcecode.swift; path = ArticleDetailViewController.swift; sourceTree = "<group>"; };
		4B0622AD21820EA30065306D /* Theming.swift */ = {isa = PBXFileReference; lastKnownFileType = sourcecode.swift; path = Theming.swift; sourceTree = "<group>"; };
		4B0622AF21820EBE0065306D /* AppTheme.swift */ = {isa = PBXFileReference; lastKnownFileType = sourcecode.swift; path = AppTheme.swift; sourceTree = "<group>"; };
		4B0622B121820EE40065306D /* AppThemeProvider.swift */ = {isa = PBXFileReference; lastKnownFileType = sourcecode.swift; path = AppThemeProvider.swift; sourceTree = "<group>"; };
		4B0622B321820F200065306D /* SubscribableValue.swift */ = {isa = PBXFileReference; lastKnownFileType = sourcecode.swift; path = SubscribableValue.swift; sourceTree = "<group>"; };
		4B0622B521820F390065306D /* Weak.swift */ = {isa = PBXFileReference; lastKnownFileType = sourcecode.swift; path = Weak.swift; sourceTree = "<group>"; };
		4B0622B721820FC50065306D /* ArrayExtensions.swift */ = {isa = PBXFileReference; lastKnownFileType = sourcecode.swift; path = ArrayExtensions.swift; sourceTree = "<group>"; };
/* End PBXFileReference section */

/* Begin PBXFrameworksBuildPhase section */
		4B06227E2180D86C0065306D /* Frameworks */ = {
			isa = PBXFrameworksBuildPhase;
			buildActionMask = 2147483647;
			files = (
			);
			runOnlyForDeploymentPostprocessing = 0;
		};
/* End PBXFrameworksBuildPhase section */

/* Begin PBXGroup section */
		4B0622782180D86B0065306D = {
			isa = PBXGroup;
			children = (
				4B0622832180D86C0065306D /* News */,
				4B0622822180D86C0065306D /* Products */,
			);
			sourceTree = "<group>";
		};
		4B0622822180D86C0065306D /* Products */ = {
			isa = PBXGroup;
			children = (
				4B0622812180D86C0065306D /* News.app */,
			);
			name = Products;
			sourceTree = "<group>";
		};
		4B0622832180D86C0065306D /* News */ = {
			isa = PBXGroup;
			children = (
				4B0622842180D86C0065306D /* AppDelegate.swift */,
				4B0622882180D86C0065306D /* Main.storyboard */,
				4B0622AB21812D400065306D /* ArticleDetailViewController.swift */,
				4B0622A721810D100065306D /* PreferencesTableViewController.swift */,
				4B0622A9218123AA0065306D /* PreferenceHelper.swift */,
				4B0622962180D9C10065306D /* NewsEntry.swift */,
				4B0622982180DB8C0065306D /* Model.swift */,
				4B06229A2180DF9D0065306D /* ImageLoader.swift */,
				4B06229C2180E0AA0065306D /* TableViewCell.swift */,
				4B06229E2180E0B10065306D /* TableViewCell.xib */,
				4B0622AD21820EA30065306D /* Theming.swift */,
				4B0622AF21820EBE0065306D /* AppTheme.swift */,
				4B0622B121820EE40065306D /* AppThemeProvider.swift */,
				4B0622B321820F200065306D /* SubscribableValue.swift */,
				4B0622B721820FC50065306D /* ArrayExtensions.swift */,
				4B0622B521820F390065306D /* Weak.swift */,
				4B0622A02180E27F0065306D /* TableViewController.swift */,
				4B06228B2180D86E0065306D /* Assets.xcassets */,
				4B06228D2180D86E0065306D /* LaunchScreen.storyboard */,
				4B0622902180D86E0065306D /* Info.plist */,
				4B0622A22180E52E0065306D /* DragAndDropLaunchScreen */,
			);
			path = News;
			sourceTree = "<group>";
		};
		4B0622A22180E52E0065306D /* DragAndDropLaunchScreen */ = {
			isa = PBXGroup;
			children = (
				4B0622A32180E52E0065306D /* LaunchScreen.storyboard */,
				4B0622A42180E52E0065306D /* LambdaLogoAssets.xcassets */,
			);
			path = DragAndDropLaunchScreen;
			sourceTree = "<group>";
		};
/* End PBXGroup section */

/* Begin PBXNativeTarget section */
		4B0622802180D86C0065306D /* News */ = {
			isa = PBXNativeTarget;
			buildConfigurationList = 4B0622932180D86E0065306D /* Build configuration list for PBXNativeTarget "News" */;
			buildPhases = (
				4B06227D2180D86C0065306D /* Sources */,
				4B06227E2180D86C0065306D /* Frameworks */,
				4B06227F2180D86C0065306D /* Resources */,
			);
			buildRules = (
			);
			dependencies = (
			);
			name = News;
			productName = News;
			productReference = 4B0622812180D86C0065306D /* News.app */;
			productType = "com.apple.product-type.application";
		};
/* End PBXNativeTarget section */

/* Begin PBXProject section */
		4B0622792180D86B0065306D /* Project object */ = {
			isa = PBXProject;
			attributes = {
				LastSwiftUpdateCheck = 1000;
				LastUpgradeCheck = 1000;
				ORGANIZATIONNAME = "Paul Yi";
				TargetAttributes = {
					4B0622802180D86C0065306D = {
						CreatedOnToolsVersion = 10.0;
					};
				};
			};
			buildConfigurationList = 4B06227C2180D86B0065306D /* Build configuration list for PBXProject "News" */;
			compatibilityVersion = "Xcode 9.3";
			developmentRegion = en;
			hasScannedForEncodings = 0;
			knownRegions = (
				en,
				Base,
			);
			mainGroup = 4B0622782180D86B0065306D;
			productRefGroup = 4B0622822180D86C0065306D /* Products */;
			projectDirPath = "";
			projectRoot = "";
			targets = (
				4B0622802180D86C0065306D /* News */,
			);
		};
/* End PBXProject section */

/* Begin PBXResourcesBuildPhase section */
		4B06227F2180D86C0065306D /* Resources */ = {
			isa = PBXResourcesBuildPhase;
			buildActionMask = 2147483647;
			files = (
				4B06228F2180D86E0065306D /* LaunchScreen.storyboard in Resources */,
				4B06229F2180E0B10065306D /* TableViewCell.xib in Resources */,
				4B0622A62180E52E0065306D /* LambdaLogoAssets.xcassets in Resources */,
				4B06228C2180D86E0065306D /* Assets.xcassets in Resources */,
				4B0622A52180E52E0065306D /* LaunchScreen.storyboard in Resources */,
				4B06228A2180D86C0065306D /* Main.storyboard in Resources */,
			);
			runOnlyForDeploymentPostprocessing = 0;
		};
/* End PBXResourcesBuildPhase section */

/* Begin PBXSourcesBuildPhase section */
		4B06227D2180D86C0065306D /* Sources */ = {
			isa = PBXSourcesBuildPhase;
			buildActionMask = 2147483647;
			files = (
				4B0622B421820F200065306D /* SubscribableValue.swift in Sources */,
				4B0622B821820FC50065306D /* ArrayExtensions.swift in Sources */,
				4B0622B221820EE40065306D /* AppThemeProvider.swift in Sources */,
				4B0622AA218123AA0065306D /* PreferenceHelper.swift in Sources */,
				4B0622B021820EBE0065306D /* AppTheme.swift in Sources */,
				4B0622A12180E27F0065306D /* TableViewController.swift in Sources */,
				4B0622AE21820EA30065306D /* Theming.swift in Sources */,
				4B0622972180D9C10065306D /* NewsEntry.swift in Sources */,
				4B06229B2180DF9D0065306D /* ImageLoader.swift in Sources */,
				4B06229D2180E0AA0065306D /* TableViewCell.swift in Sources */,
				4B0622852180D86C0065306D /* AppDelegate.swift in Sources */,
				4B0622A821810D100065306D /* PreferencesTableViewController.swift in Sources */,
				4B0622992180DB8C0065306D /* Model.swift in Sources */,
				4B0622AC21812D400065306D /* ArticleDetailViewController.swift in Sources */,
				4B0622B621820F390065306D /* Weak.swift in Sources */,
			);
			runOnlyForDeploymentPostprocessing = 0;
		};
/* End PBXSourcesBuildPhase section */

/* Begin PBXVariantGroup section */
		4B0622882180D86C0065306D /* Main.storyboard */ = {
			isa = PBXVariantGroup;
			children = (
				4B0622892180D86C0065306D /* Base */,
			);
			name = Main.storyboard;
			sourceTree = "<group>";
		};
		4B06228D2180D86E0065306D /* LaunchScreen.storyboard */ = {
			isa = PBXVariantGroup;
			children = (
				4B06228E2180D86E0065306D /* Base */,
			);
			name = LaunchScreen.storyboard;
			sourceTree = "<group>";
		};
/* End PBXVariantGroup section */

/* Begin XCBuildConfiguration section */
		4B0622912180D86E0065306D /* Debug */ = {
			isa = XCBuildConfiguration;
			buildSettings = {
				ALWAYS_SEARCH_USER_PATHS = NO;
				CLANG_ANALYZER_NONNULL = YES;
				CLANG_ANALYZER_NUMBER_OBJECT_CONVERSION = YES_AGGRESSIVE;
				CLANG_CXX_LANGUAGE_STANDARD = "gnu++14";
				CLANG_CXX_LIBRARY = "libc++";
				CLANG_ENABLE_MODULES = YES;
				CLANG_ENABLE_OBJC_ARC = YES;
				CLANG_ENABLE_OBJC_WEAK = YES;
				CLANG_WARN_BLOCK_CAPTURE_AUTORELEASING = YES;
				CLANG_WARN_BOOL_CONVERSION = YES;
				CLANG_WARN_COMMA = YES;
				CLANG_WARN_CONSTANT_CONVERSION = YES;
				CLANG_WARN_DEPRECATED_OBJC_IMPLEMENTATIONS = YES;
				CLANG_WARN_DIRECT_OBJC_ISA_USAGE = YES_ERROR;
				CLANG_WARN_DOCUMENTATION_COMMENTS = YES;
				CLANG_WARN_EMPTY_BODY = YES;
				CLANG_WARN_ENUM_CONVERSION = YES;
				CLANG_WARN_INFINITE_RECURSION = YES;
				CLANG_WARN_INT_CONVERSION = YES;
				CLANG_WARN_NON_LITERAL_NULL_CONVERSION = YES;
				CLANG_WARN_OBJC_IMPLICIT_RETAIN_SELF = YES;
				CLANG_WARN_OBJC_LITERAL_CONVERSION = YES;
				CLANG_WARN_OBJC_ROOT_CLASS = YES_ERROR;
				CLANG_WARN_RANGE_LOOP_ANALYSIS = YES;
				CLANG_WARN_STRICT_PROTOTYPES = YES;
				CLANG_WARN_SUSPICIOUS_MOVE = YES;
				CLANG_WARN_UNGUARDED_AVAILABILITY = YES_AGGRESSIVE;
				CLANG_WARN_UNREACHABLE_CODE = YES;
				CLANG_WARN__DUPLICATE_METHOD_MATCH = YES;
				CODE_SIGN_IDENTITY = "iPhone Developer";
				COPY_PHASE_STRIP = NO;
				DEBUG_INFORMATION_FORMAT = dwarf;
				ENABLE_STRICT_OBJC_MSGSEND = YES;
				ENABLE_TESTABILITY = YES;
				GCC_C_LANGUAGE_STANDARD = gnu11;
				GCC_DYNAMIC_NO_PIC = NO;
				GCC_NO_COMMON_BLOCKS = YES;
				GCC_OPTIMIZATION_LEVEL = 0;
				GCC_PREPROCESSOR_DEFINITIONS = (
					"DEBUG=1",
					"$(inherited)",
				);
				GCC_WARN_64_TO_32_BIT_CONVERSION = YES;
				GCC_WARN_ABOUT_RETURN_TYPE = YES_ERROR;
				GCC_WARN_UNDECLARED_SELECTOR = YES;
				GCC_WARN_UNINITIALIZED_AUTOS = YES_AGGRESSIVE;
				GCC_WARN_UNUSED_FUNCTION = YES;
				GCC_WARN_UNUSED_VARIABLE = YES;
				IPHONEOS_DEPLOYMENT_TARGET = 12.0;
				MTL_ENABLE_DEBUG_INFO = INCLUDE_SOURCE;
				MTL_FAST_MATH = YES;
				ONLY_ACTIVE_ARCH = YES;
				SDKROOT = iphoneos;
				SWIFT_ACTIVE_COMPILATION_CONDITIONS = DEBUG;
				SWIFT_OPTIMIZATION_LEVEL = "-Onone";
			};
			name = Debug;
		};
		4B0622922180D86E0065306D /* Release */ = {
			isa = XCBuildConfiguration;
			buildSettings = {
				ALWAYS_SEARCH_USER_PATHS = NO;
				CLANG_ANALYZER_NONNULL = YES;
				CLANG_ANALYZER_NUMBER_OBJECT_CONVERSION = YES_AGGRESSIVE;
				CLANG_CXX_LANGUAGE_STANDARD = "gnu++14";
				CLANG_CXX_LIBRARY = "libc++";
				CLANG_ENABLE_MODULES = YES;
				CLANG_ENABLE_OBJC_ARC = YES;
				CLANG_ENABLE_OBJC_WEAK = YES;
				CLANG_WARN_BLOCK_CAPTURE_AUTORELEASING = YES;
				CLANG_WARN_BOOL_CONVERSION = YES;
				CLANG_WARN_COMMA = YES;
				CLANG_WARN_CONSTANT_CONVERSION = YES;
				CLANG_WARN_DEPRECATED_OBJC_IMPLEMENTATIONS = YES;
				CLANG_WARN_DIRECT_OBJC_ISA_USAGE = YES_ERROR;
				CLANG_WARN_DOCUMENTATION_COMMENTS = YES;
				CLANG_WARN_EMPTY_BODY = YES;
				CLANG_WARN_ENUM_CONVERSION = YES;
				CLANG_WARN_INFINITE_RECURSION = YES;
				CLANG_WARN_INT_CONVERSION = YES;
				CLANG_WARN_NON_LITERAL_NULL_CONVERSION = YES;
				CLANG_WARN_OBJC_IMPLICIT_RETAIN_SELF = YES;
				CLANG_WARN_OBJC_LITERAL_CONVERSION = YES;
				CLANG_WARN_OBJC_ROOT_CLASS = YES_ERROR;
				CLANG_WARN_RANGE_LOOP_ANALYSIS = YES;
				CLANG_WARN_STRICT_PROTOTYPES = YES;
				CLANG_WARN_SUSPICIOUS_MOVE = YES;
				CLANG_WARN_UNGUARDED_AVAILABILITY = YES_AGGRESSIVE;
				CLANG_WARN_UNREACHABLE_CODE = YES;
				CLANG_WARN__DUPLICATE_METHOD_MATCH = YES;
				CODE_SIGN_IDENTITY = "iPhone Developer";
				COPY_PHASE_STRIP = NO;
				DEBUG_INFORMATION_FORMAT = "dwarf-with-dsym";
				ENABLE_NS_ASSERTIONS = NO;
				ENABLE_STRICT_OBJC_MSGSEND = YES;
				GCC_C_LANGUAGE_STANDARD = gnu11;
				GCC_NO_COMMON_BLOCKS = YES;
				GCC_WARN_64_TO_32_BIT_CONVERSION = YES;
				GCC_WARN_ABOUT_RETURN_TYPE = YES_ERROR;
				GCC_WARN_UNDECLARED_SELECTOR = YES;
				GCC_WARN_UNINITIALIZED_AUTOS = YES_AGGRESSIVE;
				GCC_WARN_UNUSED_FUNCTION = YES;
				GCC_WARN_UNUSED_VARIABLE = YES;
				IPHONEOS_DEPLOYMENT_TARGET = 12.0;
				MTL_ENABLE_DEBUG_INFO = NO;
				MTL_FAST_MATH = YES;
				SDKROOT = iphoneos;
				SWIFT_COMPILATION_MODE = wholemodule;
				SWIFT_OPTIMIZATION_LEVEL = "-O";
				VALIDATE_PRODUCT = YES;
			};
			name = Release;
		};
		4B0622942180D86E0065306D /* Debug */ = {
			isa = XCBuildConfiguration;
			buildSettings = {
				ASSETCATALOG_COMPILER_APPICON_NAME = AppIcon;
				CODE_SIGN_STYLE = Automatic;
				DEVELOPMENT_TEAM = 6Z7SV6KDUH;
				INFOPLIST_FILE = News/Info.plist;
				LD_RUNPATH_SEARCH_PATHS = (
					"$(inherited)",
					"@executable_path/Frameworks",
				);
				PRODUCT_BUNDLE_IDENTIFIER = com.paulyi.News;
				PRODUCT_NAME = "$(TARGET_NAME)";
				SWIFT_VERSION = 4.2;
				TARGETED_DEVICE_FAMILY = "1,2";
			};
			name = Debug;
		};
		4B0622952180D86E0065306D /* Release */ = {
			isa = XCBuildConfiguration;
			buildSettings = {
				ASSETCATALOG_COMPILER_APPICON_NAME = AppIcon;
				CODE_SIGN_STYLE = Automatic;
				DEVELOPMENT_TEAM = 6Z7SV6KDUH;
				INFOPLIST_FILE = News/Info.plist;
				LD_RUNPATH_SEARCH_PATHS = (
					"$(inherited)",
					"@executable_path/Frameworks",
				);
				PRODUCT_BUNDLE_IDENTIFIER = com.paulyi.News;
				PRODUCT_NAME = "$(TARGET_NAME)";
				SWIFT_VERSION = 4.2;
				TARGETED_DEVICE_FAMILY = "1,2";
			};
			name = Release;
		};
/* End XCBuildConfiguration section */

/* Begin XCConfigurationList section */
		4B06227C2180D86B0065306D /* Build configuration list for PBXProject "News" */ = {
			isa = XCConfigurationList;
			buildConfigurations = (
				4B0622912180D86E0065306D /* Debug */,
				4B0622922180D86E0065306D /* Release */,
			);
			defaultConfigurationIsVisible = 0;
			defaultConfigurationName = Release;
		};
		4B0622932180D86E0065306D /* Build configuration list for PBXNativeTarget "News" */ = {
			isa = XCConfigurationList;
			buildConfigurations = (
				4B0622942180D86E0065306D /* Debug */,
				4B0622952180D86E0065306D /* Release */,
			);
			defaultConfigurationIsVisible = 0;
			defaultConfigurationName = Release;
		};
/* End XCConfigurationList section */
	};
	rootObject = 4B0622792180D86B0065306D /* Project object */;
}
