// !$*UTF8*$!
{
	archiveVersion = 1;
	classes = {
	};
	objectVersion = 50;
	objects = {

/* Begin PBXBuildFile section */
		1C8DB5CC2180D86B006A6DF8 /* AppDelegate.swift in Sources */ = {isa = PBXBuildFile; fileRef = 1C8DB5CB2180D86B006A6DF8 /* AppDelegate.swift */; };
		1C8DB5CE2180D86B006A6DF8 /* TableViewController.swift in Sources */ = {isa = PBXBuildFile; fileRef = 1C8DB5CD2180D86B006A6DF8 /* TableViewController.swift */; };
		1C8DB5D12180D86B006A6DF8 /* Main.storyboard in Resources */ = {isa = PBXBuildFile; fileRef = 1C8DB5CF2180D86B006A6DF8 /* Main.storyboard */; };
		1C8DB5D32180D86D006A6DF8 /* Assets.xcassets in Resources */ = {isa = PBXBuildFile; fileRef = 1C8DB5D22180D86D006A6DF8 /* Assets.xcassets */; };
		1C8DB5D62180D86D006A6DF8 /* LaunchScreen.storyboard in Resources */ = {isa = PBXBuildFile; fileRef = 1C8DB5D42180D86D006A6DF8 /* LaunchScreen.storyboard */; };
		1C8DB5DE2180D9BF006A6DF8 /* NewsEntry.swift in Sources */ = {isa = PBXBuildFile; fileRef = 1C8DB5DD2180D9BF006A6DF8 /* NewsEntry.swift */; };
		1C8DB5E02180DB9A006A6DF8 /* Model.swift in Sources */ = {isa = PBXBuildFile; fileRef = 1C8DB5DF2180DB9A006A6DF8 /* Model.swift */; };
		1C8DB5E22180E0AC006A6DF8 /* ImageLoader.swift in Sources */ = {isa = PBXBuildFile; fileRef = 1C8DB5E12180E0AC006A6DF8 /* ImageLoader.swift */; };
		1C8DB5E42180E0C9006A6DF8 /* TableViewCell.swift in Sources */ = {isa = PBXBuildFile; fileRef = 1C8DB5E32180E0C9006A6DF8 /* TableViewCell.swift */; };
		1C8DB5E821810FD1006A6DF8 /* PreferenceHelper.swift in Sources */ = {isa = PBXBuildFile; fileRef = 1C8DB5E721810FD1006A6DF8 /* PreferenceHelper.swift */; };
		1C8DB5EC218146E1006A6DF8 /* TableViewCell.xib in Resources */ = {isa = PBXBuildFile; fileRef = 1C8DB5EB218146E1006A6DF8 /* TableViewCell.xib */; };
		1C8DB5EE2181576B006A6DF8 /* PreferenceViewController.swift in Sources */ = {isa = PBXBuildFile; fileRef = 1C8DB5ED2181576B006A6DF8 /* PreferenceViewController.swift */; };
/* End PBXBuildFile section */

/* Begin PBXFileReference section */
		1C8DB5C82180D86B006A6DF8 /* News.app */ = {isa = PBXFileReference; explicitFileType = wrapper.application; includeInIndex = 0; path = News.app; sourceTree = BUILT_PRODUCTS_DIR; };
		1C8DB5CB2180D86B006A6DF8 /* AppDelegate.swift */ = {isa = PBXFileReference; lastKnownFileType = sourcecode.swift; path = AppDelegate.swift; sourceTree = "<group>"; };
		1C8DB5CD2180D86B006A6DF8 /* TableViewController.swift */ = {isa = PBXFileReference; lastKnownFileType = sourcecode.swift; path = TableViewController.swift; sourceTree = "<group>"; };
		1C8DB5D02180D86B006A6DF8 /* Base */ = {isa = PBXFileReference; lastKnownFileType = file.storyboard; name = Base; path = Base.lproj/Main.storyboard; sourceTree = "<group>"; };
		1C8DB5D22180D86D006A6DF8 /* Assets.xcassets */ = {isa = PBXFileReference; lastKnownFileType = folder.assetcatalog; path = Assets.xcassets; sourceTree = "<group>"; };
		1C8DB5D52180D86D006A6DF8 /* Base */ = {isa = PBXFileReference; lastKnownFileType = file.storyboard; name = Base; path = Base.lproj/LaunchScreen.storyboard; sourceTree = "<group>"; };
		1C8DB5D72180D86D006A6DF8 /* Info.plist */ = {isa = PBXFileReference; lastKnownFileType = text.plist.xml; path = Info.plist; sourceTree = "<group>"; };
		1C8DB5DD2180D9BF006A6DF8 /* NewsEntry.swift */ = {isa = PBXFileReference; lastKnownFileType = sourcecode.swift; path = NewsEntry.swift; sourceTree = "<group>"; };
		1C8DB5DF2180DB9A006A6DF8 /* Model.swift */ = {isa = PBXFileReference; lastKnownFileType = sourcecode.swift; path = Model.swift; sourceTree = "<group>"; };
		1C8DB5E12180E0AC006A6DF8 /* ImageLoader.swift */ = {isa = PBXFileReference; lastKnownFileType = sourcecode.swift; path = ImageLoader.swift; sourceTree = "<group>"; };
		1C8DB5E32180E0C9006A6DF8 /* TableViewCell.swift */ = {isa = PBXFileReference; lastKnownFileType = sourcecode.swift; path = TableViewCell.swift; sourceTree = "<group>"; };
		1C8DB5E721810FD1006A6DF8 /* PreferenceHelper.swift */ = {isa = PBXFileReference; lastKnownFileType = sourcecode.swift; path = PreferenceHelper.swift; sourceTree = "<group>"; };
		1C8DB5EB218146E1006A6DF8 /* TableViewCell.xib */ = {isa = PBXFileReference; lastKnownFileType = file.xib; path = TableViewCell.xib; sourceTree = "<group>"; };
		1C8DB5ED2181576B006A6DF8 /* PreferenceViewController.swift */ = {isa = PBXFileReference; lastKnownFileType = sourcecode.swift; path = PreferenceViewController.swift; sourceTree = "<group>"; };
/* End PBXFileReference section */

/* Begin PBXFrameworksBuildPhase section */
		1C8DB5C52180D86B006A6DF8 /* Frameworks */ = {
			isa = PBXFrameworksBuildPhase;
			buildActionMask = 2147483647;
			files = (
			);
			runOnlyForDeploymentPostprocessing = 0;
		};
/* End PBXFrameworksBuildPhase section */

/* Begin PBXGroup section */
		1C8DB5BF2180D86B006A6DF8 = {
			isa = PBXGroup;
			children = (
				1C8DB5CA2180D86B006A6DF8 /* News */,
				1C8DB5C92180D86B006A6DF8 /* Products */,
			);
			sourceTree = "<group>";
		};
		1C8DB5C92180D86B006A6DF8 /* Products */ = {
			isa = PBXGroup;
			children = (
				1C8DB5C82180D86B006A6DF8 /* News.app */,
			);
			name = Products;
			sourceTree = "<group>";
		};
		1C8DB5CA2180D86B006A6DF8 /* News */ = {
			isa = PBXGroup;
			children = (
				1C8DB5EA21814266006A6DF8 /* Resources */,
				1C8DB5E921814245006A6DF8 /* Model */,
				1C8DB5CD2180D86B006A6DF8 /* TableViewController.swift */,
				1C8DB5CF2180D86B006A6DF8 /* Main.storyboard */,
				1C8DB5ED2181576B006A6DF8 /* PreferenceViewController.swift */,
				1C8DB5E721810FD1006A6DF8 /* PreferenceHelper.swift */,
				1C8DB5E12180E0AC006A6DF8 /* ImageLoader.swift */,
				1C8DB5EB218146E1006A6DF8 /* TableViewCell.xib */,
				1C8DB5E32180E0C9006A6DF8 /* TableViewCell.swift */,
			);
			path = News;
			sourceTree = "<group>";
		};
		1C8DB5E921814245006A6DF8 /* Model */ = {
			isa = PBXGroup;
			children = (
				1C8DB5DD2180D9BF006A6DF8 /* NewsEntry.swift */,
				1C8DB5DF2180DB9A006A6DF8 /* Model.swift */,
			);
			path = Model;
			sourceTree = "<group>";
		};
		1C8DB5EA21814266006A6DF8 /* Resources */ = {
			isa = PBXGroup;
			children = (
				1C8DB5CB2180D86B006A6DF8 /* AppDelegate.swift */,
				1C8DB5D22180D86D006A6DF8 /* Assets.xcassets */,
				1C8DB5D42180D86D006A6DF8 /* LaunchScreen.storyboard */,
				1C8DB5D72180D86D006A6DF8 /* Info.plist */,
			);
			path = Resources;
			sourceTree = "<group>";
		};
/* End PBXGroup section */

/* Begin PBXNativeTarget section */
		1C8DB5C72180D86B006A6DF8 /* News */ = {
			isa = PBXNativeTarget;
			buildConfigurationList = 1C8DB5DA2180D86D006A6DF8 /* Build configuration list for PBXNativeTarget "News" */;
			buildPhases = (
				1C8DB5C42180D86B006A6DF8 /* Sources */,
				1C8DB5C52180D86B006A6DF8 /* Frameworks */,
				1C8DB5C62180D86B006A6DF8 /* Resources */,
			);
			buildRules = (
			);
			dependencies = (
			);
			name = News;
			productName = News;
			productReference = 1C8DB5C82180D86B006A6DF8 /* News.app */;
			productType = "com.apple.product-type.application";
		};
/* End PBXNativeTarget section */

/* Begin PBXProject section */
		1C8DB5C02180D86B006A6DF8 /* Project object */ = {
			isa = PBXProject;
			attributes = {
				LastSwiftUpdateCheck = 1000;
				LastUpgradeCheck = 1000;
				ORGANIZATIONNAME = RNWolter;
				TargetAttributes = {
					1C8DB5C72180D86B006A6DF8 = {
						CreatedOnToolsVersion = 10.0;
					};
				};
			};
			buildConfigurationList = 1C8DB5C32180D86B006A6DF8 /* Build configuration list for PBXProject "News" */;
			compatibilityVersion = "Xcode 9.3";
			developmentRegion = en;
			hasScannedForEncodings = 0;
			knownRegions = (
				en,
				Base,
			);
			mainGroup = 1C8DB5BF2180D86B006A6DF8;
			productRefGroup = 1C8DB5C92180D86B006A6DF8 /* Products */;
			projectDirPath = "";
			projectRoot = "";
			targets = (
				1C8DB5C72180D86B006A6DF8 /* News */,
			);
		};
/* End PBXProject section */

/* Begin PBXResourcesBuildPhase section */
		1C8DB5C62180D86B006A6DF8 /* Resources */ = {
			isa = PBXResourcesBuildPhase;
			buildActionMask = 2147483647;
			files = (
				1C8DB5D62180D86D006A6DF8 /* LaunchScreen.storyboard in Resources */,
				1C8DB5EC218146E1006A6DF8 /* TableViewCell.xib in Resources */,
				1C8DB5D32180D86D006A6DF8 /* Assets.xcassets in Resources */,
				1C8DB5D12180D86B006A6DF8 /* Main.storyboard in Resources */,
			);
			runOnlyForDeploymentPostprocessing = 0;
		};
/* End PBXResourcesBuildPhase section */

/* Begin PBXSourcesBuildPhase section */
		1C8DB5C42180D86B006A6DF8 /* Sources */ = {
			isa = PBXSourcesBuildPhase;
			buildActionMask = 2147483647;
			files = (
				1C8DB5CE2180D86B006A6DF8 /* TableViewController.swift in Sources */,
				1C8DB5DE2180D9BF006A6DF8 /* NewsEntry.swift in Sources */,
				1C8DB5E22180E0AC006A6DF8 /* ImageLoader.swift in Sources */,
				1C8DB5E42180E0C9006A6DF8 /* TableViewCell.swift in Sources */,
				1C8DB5CC2180D86B006A6DF8 /* AppDelegate.swift in Sources */,
				1C8DB5E821810FD1006A6DF8 /* PreferenceHelper.swift in Sources */,
				1C8DB5E02180DB9A006A6DF8 /* Model.swift in Sources */,
				1C8DB5EE2181576B006A6DF8 /* PreferenceViewController.swift in Sources */,
			);
			runOnlyForDeploymentPostprocessing = 0;
		};
/* End PBXSourcesBuildPhase section */

/* Begin PBXVariantGroup section */
		1C8DB5CF2180D86B006A6DF8 /* Main.storyboard */ = {
			isa = PBXVariantGroup;
			children = (
				1C8DB5D02180D86B006A6DF8 /* Base */,
			);
			name = Main.storyboard;
			sourceTree = "<group>";
		};
		1C8DB5D42180D86D006A6DF8 /* LaunchScreen.storyboard */ = {
			isa = PBXVariantGroup;
			children = (
				1C8DB5D52180D86D006A6DF8 /* Base */,
			);
			name = LaunchScreen.storyboard;
			sourceTree = "<group>";
		};
/* End PBXVariantGroup section */

/* Begin XCBuildConfiguration section */
		1C8DB5D82180D86D006A6DF8 /* Debug */ = {
			isa = XCBuildConfiguration;
			buildSettings = {
				ALWAYS_SEARCH_USER_PATHS = NO;
				CLANG_ANALYZER_NONNULL = YES;
				CLANG_ANALYZER_NUMBER_OBJECT_CONVERSION = YES_AGGRESSIVE;
				CLANG_CXX_LANGUAGE_STANDARD = "gnu++14";
				CLANG_CXX_LIBRARY = "libc++";
				CLANG_ENABLE_MODULES = YES;
				CLANG_ENABLE_OBJC_ARC = YES;
				CLANG_ENABLE_OBJC_WEAK = YES;
				CLANG_WARN_BLOCK_CAPTURE_AUTORELEASING = YES;
				CLANG_WARN_BOOL_CONVERSION = YES;
				CLANG_WARN_COMMA = YES;
				CLANG_WARN_CONSTANT_CONVERSION = YES;
				CLANG_WARN_DEPRECATED_OBJC_IMPLEMENTATIONS = YES;
				CLANG_WARN_DIRECT_OBJC_ISA_USAGE = YES_ERROR;
				CLANG_WARN_DOCUMENTATION_COMMENTS = YES;
				CLANG_WARN_EMPTY_BODY = YES;
				CLANG_WARN_ENUM_CONVERSION = YES;
				CLANG_WARN_INFINITE_RECURSION = YES;
				CLANG_WARN_INT_CONVERSION = YES;
				CLANG_WARN_NON_LITERAL_NULL_CONVERSION = YES;
				CLANG_WARN_OBJC_IMPLICIT_RETAIN_SELF = YES;
				CLANG_WARN_OBJC_LITERAL_CONVERSION = YES;
				CLANG_WARN_OBJC_ROOT_CLASS = YES_ERROR;
				CLANG_WARN_RANGE_LOOP_ANALYSIS = YES;
				CLANG_WARN_STRICT_PROTOTYPES = YES;
				CLANG_WARN_SUSPICIOUS_MOVE = YES;
				CLANG_WARN_UNGUARDED_AVAILABILITY = YES_AGGRESSIVE;
				CLANG_WARN_UNREACHABLE_CODE = YES;
				CLANG_WARN__DUPLICATE_METHOD_MATCH = YES;
				CODE_SIGN_IDENTITY = "iPhone Developer";
				COPY_PHASE_STRIP = NO;
				DEBUG_INFORMATION_FORMAT = dwarf;
				ENABLE_STRICT_OBJC_MSGSEND = YES;
				ENABLE_TESTABILITY = YES;
				GCC_C_LANGUAGE_STANDARD = gnu11;
				GCC_DYNAMIC_NO_PIC = NO;
				GCC_NO_COMMON_BLOCKS = YES;
				GCC_OPTIMIZATION_LEVEL = 0;
				GCC_PREPROCESSOR_DEFINITIONS = (
					"DEBUG=1",
					"$(inherited)",
				);
				GCC_WARN_64_TO_32_BIT_CONVERSION = YES;
				GCC_WARN_ABOUT_RETURN_TYPE = YES_ERROR;
				GCC_WARN_UNDECLARED_SELECTOR = YES;
				GCC_WARN_UNINITIALIZED_AUTOS = YES_AGGRESSIVE;
				GCC_WARN_UNUSED_FUNCTION = YES;
				GCC_WARN_UNUSED_VARIABLE = YES;
				IPHONEOS_DEPLOYMENT_TARGET = 12.0;
				MTL_ENABLE_DEBUG_INFO = INCLUDE_SOURCE;
				MTL_FAST_MATH = YES;
				ONLY_ACTIVE_ARCH = YES;
				SDKROOT = iphoneos;
				SWIFT_ACTIVE_COMPILATION_CONDITIONS = DEBUG;
				SWIFT_OPTIMIZATION_LEVEL = "-Onone";
			};
			name = Debug;
		};
		1C8DB5D92180D86D006A6DF8 /* Release */ = {
			isa = XCBuildConfiguration;
			buildSettings = {
				ALWAYS_SEARCH_USER_PATHS = NO;
				CLANG_ANALYZER_NONNULL = YES;
				CLANG_ANALYZER_NUMBER_OBJECT_CONVERSION = YES_AGGRESSIVE;
				CLANG_CXX_LANGUAGE_STANDARD = "gnu++14";
				CLANG_CXX_LIBRARY = "libc++";
				CLANG_ENABLE_MODULES = YES;
				CLANG_ENABLE_OBJC_ARC = YES;
				CLANG_ENABLE_OBJC_WEAK = YES;
				CLANG_WARN_BLOCK_CAPTURE_AUTORELEASING = YES;
				CLANG_WARN_BOOL_CONVERSION = YES;
				CLANG_WARN_COMMA = YES;
				CLANG_WARN_CONSTANT_CONVERSION = YES;
				CLANG_WARN_DEPRECATED_OBJC_IMPLEMENTATIONS = YES;
				CLANG_WARN_DIRECT_OBJC_ISA_USAGE = YES_ERROR;
				CLANG_WARN_DOCUMENTATION_COMMENTS = YES;
				CLANG_WARN_EMPTY_BODY = YES;
				CLANG_WARN_ENUM_CONVERSION = YES;
				CLANG_WARN_INFINITE_RECURSION = YES;
				CLANG_WARN_INT_CONVERSION = YES;
				CLANG_WARN_NON_LITERAL_NULL_CONVERSION = YES;
				CLANG_WARN_OBJC_IMPLICIT_RETAIN_SELF = YES;
				CLANG_WARN_OBJC_LITERAL_CONVERSION = YES;
				CLANG_WARN_OBJC_ROOT_CLASS = YES_ERROR;
				CLANG_WARN_RANGE_LOOP_ANALYSIS = YES;
				CLANG_WARN_STRICT_PROTOTYPES = YES;
				CLANG_WARN_SUSPICIOUS_MOVE = YES;
				CLANG_WARN_UNGUARDED_AVAILABILITY = YES_AGGRESSIVE;
				CLANG_WARN_UNREACHABLE_CODE = YES;
				CLANG_WARN__DUPLICATE_METHOD_MATCH = YES;
				CODE_SIGN_IDENTITY = "iPhone Developer";
				COPY_PHASE_STRIP = NO;
				DEBUG_INFORMATION_FORMAT = "dwarf-with-dsym";
				ENABLE_NS_ASSERTIONS = NO;
				ENABLE_STRICT_OBJC_MSGSEND = YES;
				GCC_C_LANGUAGE_STANDARD = gnu11;
				GCC_NO_COMMON_BLOCKS = YES;
				GCC_WARN_64_TO_32_BIT_CONVERSION = YES;
				GCC_WARN_ABOUT_RETURN_TYPE = YES_ERROR;
				GCC_WARN_UNDECLARED_SELECTOR = YES;
				GCC_WARN_UNINITIALIZED_AUTOS = YES_AGGRESSIVE;
				GCC_WARN_UNUSED_FUNCTION = YES;
				GCC_WARN_UNUSED_VARIABLE = YES;
				IPHONEOS_DEPLOYMENT_TARGET = 12.0;
				MTL_ENABLE_DEBUG_INFO = NO;
				MTL_FAST_MATH = YES;
				SDKROOT = iphoneos;
				SWIFT_COMPILATION_MODE = wholemodule;
				SWIFT_OPTIMIZATION_LEVEL = "-O";
				VALIDATE_PRODUCT = YES;
			};
			name = Release;
		};
		1C8DB5DB2180D86D006A6DF8 /* Debug */ = {
			isa = XCBuildConfiguration;
			buildSettings = {
				ASSETCATALOG_COMPILER_APPICON_NAME = AppIcon;
				CODE_SIGN_STYLE = Automatic;
				INFOPLIST_FILE = "$(SRCROOT)/News/Resources/Info.plist";
				LD_RUNPATH_SEARCH_PATHS = (
					"$(inherited)",
					"@executable_path/Frameworks",
				);
				PRODUCT_BUNDLE_IDENTIFIER = com.RNWolter.News;
				PRODUCT_NAME = "$(TARGET_NAME)";
				SWIFT_VERSION = 4.2;
				TARGETED_DEVICE_FAMILY = "1,2";
			};
			name = Debug;
		};
		1C8DB5DC2180D86D006A6DF8 /* Release */ = {
			isa = XCBuildConfiguration;
			buildSettings = {
				ASSETCATALOG_COMPILER_APPICON_NAME = AppIcon;
				CODE_SIGN_STYLE = Automatic;
				INFOPLIST_FILE = "$(SRCROOT)/News/Resources/Info.plist";
				LD_RUNPATH_SEARCH_PATHS = (
					"$(inherited)",
					"@executable_path/Frameworks",
				);
				PRODUCT_BUNDLE_IDENTIFIER = com.RNWolter.News;
				PRODUCT_NAME = "$(TARGET_NAME)";
				SWIFT_VERSION = 4.2;
				TARGETED_DEVICE_FAMILY = "1,2";
			};
			name = Release;
		};
/* End XCBuildConfiguration section */

/* Begin XCConfigurationList section */
		1C8DB5C32180D86B006A6DF8 /* Build configuration list for PBXProject "News" */ = {
			isa = XCConfigurationList;
			buildConfigurations = (
				1C8DB5D82180D86D006A6DF8 /* Debug */,
				1C8DB5D92180D86D006A6DF8 /* Release */,
			);
			defaultConfigurationIsVisible = 0;
			defaultConfigurationName = Release;
		};
		1C8DB5DA2180D86D006A6DF8 /* Build configuration list for PBXNativeTarget "News" */ = {
			isa = XCConfigurationList;
			buildConfigurations = (
				1C8DB5DB2180D86D006A6DF8 /* Debug */,
				1C8DB5DC2180D86D006A6DF8 /* Release */,
			);
			defaultConfigurationIsVisible = 0;
			defaultConfigurationName = Release;
		};
/* End XCConfigurationList section */
	};
	rootObject = 1C8DB5C02180D86B006A6DF8 /* Project object */;
}
