// !$*UTF8*$!
{
	archiveVersion = 1;
	classes = {
	};
	objectVersion = 50;
	objects = {

/* Begin PBXBuildFile section */
		4404A0C52180D85E00672D85 /* AppDelegate.swift in Sources */ = {isa = PBXBuildFile; fileRef = 4404A0C42180D85E00672D85 /* AppDelegate.swift */; };
		4404A0C72180D85E00672D85 /* TableViewController.swift in Sources */ = {isa = PBXBuildFile; fileRef = 4404A0C62180D85E00672D85 /* TableViewController.swift */; };
		4404A0CA2180D85E00672D85 /* Main.storyboard in Resources */ = {isa = PBXBuildFile; fileRef = 4404A0C82180D85E00672D85 /* Main.storyboard */; };
		4404A0CC2180D86600672D85 /* Assets.xcassets in Resources */ = {isa = PBXBuildFile; fileRef = 4404A0CB2180D86600672D85 /* Assets.xcassets */; };
		4404A0CF2180D86600672D85 /* LaunchScreen.storyboard in Resources */ = {isa = PBXBuildFile; fileRef = 4404A0CD2180D86600672D85 /* LaunchScreen.storyboard */; };
		4404A0D72180D9CE00672D85 /* NewsEntry.swift in Sources */ = {isa = PBXBuildFile; fileRef = 4404A0D62180D9CE00672D85 /* NewsEntry.swift */; };
		4404A0D92180DB9300672D85 /* Model.swift in Sources */ = {isa = PBXBuildFile; fileRef = 4404A0D82180DB9300672D85 /* Model.swift */; };
		4404A0DB2180DF9C00672D85 /* ImageLoader.swift in Sources */ = {isa = PBXBuildFile; fileRef = 4404A0DA2180DF9C00672D85 /* ImageLoader.swift */; };
		4404A0DD2180E0B400672D85 /* TableViewCell.xib in Resources */ = {isa = PBXBuildFile; fileRef = 4404A0DC2180E0B400672D85 /* TableViewCell.xib */; };
		4404A0DF2180E0CC00672D85 /* TableViewCell.swift in Sources */ = {isa = PBXBuildFile; fileRef = 4404A0DE2180E0CC00672D85 /* TableViewCell.swift */; };
		4404A0E12181085200672D85 /* PreferencesViewController.swift in Sources */ = {isa = PBXBuildFile; fileRef = 4404A0E02181085200672D85 /* PreferencesViewController.swift */; };
		4404A10921822BEA00672D85 /* Defaults+utility.swift in Sources */ = {isa = PBXBuildFile; fileRef = 4404A10821822BEA00672D85 /* Defaults+utility.swift */; };
		4404A14921825A9700672D85 /* DetailsViewController.swift in Sources */ = {isa = PBXBuildFile; fileRef = 4404A14821825A9700672D85 /* DetailsViewController.swift */; };
/* End PBXBuildFile section */

/* Begin PBXFileReference section */
		4404A0C12180D85E00672D85 /* News.app */ = {isa = PBXFileReference; explicitFileType = wrapper.application; includeInIndex = 0; path = News.app; sourceTree = BUILT_PRODUCTS_DIR; };
		4404A0C42180D85E00672D85 /* AppDelegate.swift */ = {isa = PBXFileReference; lastKnownFileType = sourcecode.swift; path = AppDelegate.swift; sourceTree = "<group>"; };
		4404A0C62180D85E00672D85 /* TableViewController.swift */ = {isa = PBXFileReference; lastKnownFileType = sourcecode.swift; path = TableViewController.swift; sourceTree = "<group>"; };
		4404A0C92180D85E00672D85 /* Base */ = {isa = PBXFileReference; lastKnownFileType = file.storyboard; name = Base; path = Base.lproj/Main.storyboard; sourceTree = "<group>"; };
		4404A0CB2180D86600672D85 /* Assets.xcassets */ = {isa = PBXFileReference; lastKnownFileType = folder.assetcatalog; path = Assets.xcassets; sourceTree = "<group>"; };
		4404A0CE2180D86600672D85 /* Base */ = {isa = PBXFileReference; lastKnownFileType = file.storyboard; name = Base; path = Base.lproj/LaunchScreen.storyboard; sourceTree = "<group>"; };
		4404A0D02180D86600672D85 /* Info.plist */ = {isa = PBXFileReference; lastKnownFileType = text.plist.xml; path = Info.plist; sourceTree = "<group>"; };
		4404A0D62180D9CE00672D85 /* NewsEntry.swift */ = {isa = PBXFileReference; lastKnownFileType = sourcecode.swift; path = NewsEntry.swift; sourceTree = "<group>"; };
		4404A0D82180DB9300672D85 /* Model.swift */ = {isa = PBXFileReference; lastKnownFileType = sourcecode.swift; path = Model.swift; sourceTree = "<group>"; };
		4404A0DA2180DF9C00672D85 /* ImageLoader.swift */ = {isa = PBXFileReference; lastKnownFileType = sourcecode.swift; path = ImageLoader.swift; sourceTree = "<group>"; };
		4404A0DC2180E0B400672D85 /* TableViewCell.xib */ = {isa = PBXFileReference; lastKnownFileType = file.xib; path = TableViewCell.xib; sourceTree = "<group>"; };
		4404A0DE2180E0CC00672D85 /* TableViewCell.swift */ = {isa = PBXFileReference; lastKnownFileType = sourcecode.swift; path = TableViewCell.swift; sourceTree = "<group>"; };
		4404A0E02181085200672D85 /* PreferencesViewController.swift */ = {isa = PBXFileReference; lastKnownFileType = sourcecode.swift; path = PreferencesViewController.swift; sourceTree = "<group>"; };
		4404A10821822BEA00672D85 /* Defaults+utility.swift */ = {isa = PBXFileReference; lastKnownFileType = sourcecode.swift; path = "Defaults+utility.swift"; sourceTree = "<group>"; };
		4404A14821825A9700672D85 /* DetailsViewController.swift */ = {isa = PBXFileReference; lastKnownFileType = sourcecode.swift; path = DetailsViewController.swift; sourceTree = "<group>"; };
/* End PBXFileReference section */

/* Begin PBXFrameworksBuildPhase section */
		4404A0BE2180D85E00672D85 /* Frameworks */ = {
			isa = PBXFrameworksBuildPhase;
			buildActionMask = 2147483647;
			files = (
			);
			runOnlyForDeploymentPostprocessing = 0;
		};
/* End PBXFrameworksBuildPhase section */

/* Begin PBXGroup section */
		4404A0B82180D85E00672D85 = {
			isa = PBXGroup;
			children = (
				4404A0C32180D85E00672D85 /* News */,
				4404A0C22180D85E00672D85 /* Products */,
			);
			sourceTree = "<group>";
		};
		4404A0C22180D85E00672D85 /* Products */ = {
			isa = PBXGroup;
			children = (
				4404A0C12180D85E00672D85 /* News.app */,
			);
			name = Products;
			sourceTree = "<group>";
		};
		4404A0C32180D85E00672D85 /* News */ = {
			isa = PBXGroup;
			children = (
				4404A0C42180D85E00672D85 /* AppDelegate.swift */,
				4404A0C62180D85E00672D85 /* TableViewController.swift */,
				4404A0E02181085200672D85 /* PreferencesViewController.swift */,
				4404A10821822BEA00672D85 /* Defaults+utility.swift */,
				4404A0C82180D85E00672D85 /* Main.storyboard */,
				4404A14821825A9700672D85 /* DetailsViewController.swift */,
				4404A0D62180D9CE00672D85 /* NewsEntry.swift */,
				4404A0D82180DB9300672D85 /* Model.swift */,
				4404A0DA2180DF9C00672D85 /* ImageLoader.swift */,
				4404A0DC2180E0B400672D85 /* TableViewCell.xib */,
				4404A0DE2180E0CC00672D85 /* TableViewCell.swift */,
				4404A0CB2180D86600672D85 /* Assets.xcassets */,
				4404A0CD2180D86600672D85 /* LaunchScreen.storyboard */,
				4404A0D02180D86600672D85 /* Info.plist */,
			);
			path = News;
			sourceTree = "<group>";
		};
/* End PBXGroup section */

/* Begin PBXNativeTarget section */
		4404A0C02180D85E00672D85 /* News */ = {
			isa = PBXNativeTarget;
			buildConfigurationList = 4404A0D32180D86600672D85 /* Build configuration list for PBXNativeTarget "News" */;
			buildPhases = (
				4404A0BD2180D85E00672D85 /* Sources */,
				4404A0BE2180D85E00672D85 /* Frameworks */,
				4404A0BF2180D85E00672D85 /* Resources */,
			);
			buildRules = (
			);
			dependencies = (
			);
			name = News;
			productName = News;
			productReference = 4404A0C12180D85E00672D85 /* News.app */;
			productType = "com.apple.product-type.application";
		};
/* End PBXNativeTarget section */

/* Begin PBXProject section */
		4404A0B92180D85E00672D85 /* Project object */ = {
			isa = PBXProject;
			attributes = {
				LastSwiftUpdateCheck = 1000;
				LastUpgradeCheck = 1000;
				ORGANIZATIONNAME = "Yvette Zhukovsky";
				TargetAttributes = {
					4404A0C02180D85E00672D85 = {
						CreatedOnToolsVersion = 10.0;
					};
				};
			};
			buildConfigurationList = 4404A0BC2180D85E00672D85 /* Build configuration list for PBXProject "News" */;
			compatibilityVersion = "Xcode 9.3";
			developmentRegion = en;
			hasScannedForEncodings = 0;
			knownRegions = (
				en,
				Base,
			);
			mainGroup = 4404A0B82180D85E00672D85;
			productRefGroup = 4404A0C22180D85E00672D85 /* Products */;
			projectDirPath = "";
			projectRoot = "";
			targets = (
				4404A0C02180D85E00672D85 /* News */,
			);
		};
/* End PBXProject section */

/* Begin PBXResourcesBuildPhase section */
		4404A0BF2180D85E00672D85 /* Resources */ = {
			isa = PBXResourcesBuildPhase;
			buildActionMask = 2147483647;
			files = (
				4404A0CF2180D86600672D85 /* LaunchScreen.storyboard in Resources */,
				4404A0DD2180E0B400672D85 /* TableViewCell.xib in Resources */,
				4404A0CC2180D86600672D85 /* Assets.xcassets in Resources */,
				4404A0CA2180D85E00672D85 /* Main.storyboard in Resources */,
			);
			runOnlyForDeploymentPostprocessing = 0;
		};
/* End PBXResourcesBuildPhase section */

/* Begin PBXSourcesBuildPhase section */
		4404A0BD2180D85E00672D85 /* Sources */ = {
			isa = PBXSourcesBuildPhase;
			buildActionMask = 2147483647;
			files = (
				4404A10921822BEA00672D85 /* Defaults+utility.swift in Sources */,
				4404A0C72180D85E00672D85 /* TableViewController.swift in Sources */,
				4404A14921825A9700672D85 /* DetailsViewController.swift in Sources */,
				4404A0D72180D9CE00672D85 /* NewsEntry.swift in Sources */,
				4404A0DB2180DF9C00672D85 /* ImageLoader.swift in Sources */,
				4404A0E12181085200672D85 /* PreferencesViewController.swift in Sources */,
				4404A0DF2180E0CC00672D85 /* TableViewCell.swift in Sources */,
				4404A0C52180D85E00672D85 /* AppDelegate.swift in Sources */,
				4404A0D92180DB9300672D85 /* Model.swift in Sources */,
			);
			runOnlyForDeploymentPostprocessing = 0;
		};
/* End PBXSourcesBuildPhase section */

/* Begin PBXVariantGroup section */
		4404A0C82180D85E00672D85 /* Main.storyboard */ = {
			isa = PBXVariantGroup;
			children = (
				4404A0C92180D85E00672D85 /* Base */,
			);
			name = Main.storyboard;
			sourceTree = "<group>";
		};
		4404A0CD2180D86600672D85 /* LaunchScreen.storyboard */ = {
			isa = PBXVariantGroup;
			children = (
				4404A0CE2180D86600672D85 /* Base */,
			);
			name = LaunchScreen.storyboard;
			sourceTree = "<group>";
		};
/* End PBXVariantGroup section */

/* Begin XCBuildConfiguration section */
		4404A0D12180D86600672D85 /* Debug */ = {
			isa = XCBuildConfiguration;
			buildSettings = {
				ALWAYS_SEARCH_USER_PATHS = NO;
				CLANG_ANALYZER_NONNULL = YES;
				CLANG_ANALYZER_NUMBER_OBJECT_CONVERSION = YES_AGGRESSIVE;
				CLANG_CXX_LANGUAGE_STANDARD = "gnu++14";
				CLANG_CXX_LIBRARY = "libc++";
				CLANG_ENABLE_MODULES = YES;
				CLANG_ENABLE_OBJC_ARC = YES;
				CLANG_ENABLE_OBJC_WEAK = YES;
				CLANG_WARN_BLOCK_CAPTURE_AUTORELEASING = YES;
				CLANG_WARN_BOOL_CONVERSION = YES;
				CLANG_WARN_COMMA = YES;
				CLANG_WARN_CONSTANT_CONVERSION = YES;
				CLANG_WARN_DEPRECATED_OBJC_IMPLEMENTATIONS = YES;
				CLANG_WARN_DIRECT_OBJC_ISA_USAGE = YES_ERROR;
				CLANG_WARN_DOCUMENTATION_COMMENTS = YES;
				CLANG_WARN_EMPTY_BODY = YES;
				CLANG_WARN_ENUM_CONVERSION = YES;
				CLANG_WARN_INFINITE_RECURSION = YES;
				CLANG_WARN_INT_CONVERSION = YES;
				CLANG_WARN_NON_LITERAL_NULL_CONVERSION = YES;
				CLANG_WARN_OBJC_IMPLICIT_RETAIN_SELF = YES;
				CLANG_WARN_OBJC_LITERAL_CONVERSION = YES;
				CLANG_WARN_OBJC_ROOT_CLASS = YES_ERROR;
				CLANG_WARN_RANGE_LOOP_ANALYSIS = YES;
				CLANG_WARN_STRICT_PROTOTYPES = YES;
				CLANG_WARN_SUSPICIOUS_MOVE = YES;
				CLANG_WARN_UNGUARDED_AVAILABILITY = YES_AGGRESSIVE;
				CLANG_WARN_UNREACHABLE_CODE = YES;
				CLANG_WARN__DUPLICATE_METHOD_MATCH = YES;
				CODE_SIGN_IDENTITY = "iPhone Developer";
				COPY_PHASE_STRIP = NO;
				DEBUG_INFORMATION_FORMAT = dwarf;
				ENABLE_STRICT_OBJC_MSGSEND = YES;
				ENABLE_TESTABILITY = YES;
				GCC_C_LANGUAGE_STANDARD = gnu11;
				GCC_DYNAMIC_NO_PIC = NO;
				GCC_NO_COMMON_BLOCKS = YES;
				GCC_OPTIMIZATION_LEVEL = 0;
				GCC_PREPROCESSOR_DEFINITIONS = (
					"DEBUG=1",
					"$(inherited)",
				);
				GCC_WARN_64_TO_32_BIT_CONVERSION = YES;
				GCC_WARN_ABOUT_RETURN_TYPE = YES_ERROR;
				GCC_WARN_UNDECLARED_SELECTOR = YES;
				GCC_WARN_UNINITIALIZED_AUTOS = YES_AGGRESSIVE;
				GCC_WARN_UNUSED_FUNCTION = YES;
				GCC_WARN_UNUSED_VARIABLE = YES;
				IPHONEOS_DEPLOYMENT_TARGET = 12.0;
				MTL_ENABLE_DEBUG_INFO = INCLUDE_SOURCE;
				MTL_FAST_MATH = YES;
				ONLY_ACTIVE_ARCH = YES;
				SDKROOT = iphoneos;
				SWIFT_ACTIVE_COMPILATION_CONDITIONS = DEBUG;
				SWIFT_OPTIMIZATION_LEVEL = "-Onone";
			};
			name = Debug;
		};
		4404A0D22180D86600672D85 /* Release */ = {
			isa = XCBuildConfiguration;
			buildSettings = {
				ALWAYS_SEARCH_USER_PATHS = NO;
				CLANG_ANALYZER_NONNULL = YES;
				CLANG_ANALYZER_NUMBER_OBJECT_CONVERSION = YES_AGGRESSIVE;
				CLANG_CXX_LANGUAGE_STANDARD = "gnu++14";
				CLANG_CXX_LIBRARY = "libc++";
				CLANG_ENABLE_MODULES = YES;
				CLANG_ENABLE_OBJC_ARC = YES;
				CLANG_ENABLE_OBJC_WEAK = YES;
				CLANG_WARN_BLOCK_CAPTURE_AUTORELEASING = YES;
				CLANG_WARN_BOOL_CONVERSION = YES;
				CLANG_WARN_COMMA = YES;
				CLANG_WARN_CONSTANT_CONVERSION = YES;
				CLANG_WARN_DEPRECATED_OBJC_IMPLEMENTATIONS = YES;
				CLANG_WARN_DIRECT_OBJC_ISA_USAGE = YES_ERROR;
				CLANG_WARN_DOCUMENTATION_COMMENTS = YES;
				CLANG_WARN_EMPTY_BODY = YES;
				CLANG_WARN_ENUM_CONVERSION = YES;
				CLANG_WARN_INFINITE_RECURSION = YES;
				CLANG_WARN_INT_CONVERSION = YES;
				CLANG_WARN_NON_LITERAL_NULL_CONVERSION = YES;
				CLANG_WARN_OBJC_IMPLICIT_RETAIN_SELF = YES;
				CLANG_WARN_OBJC_LITERAL_CONVERSION = YES;
				CLANG_WARN_OBJC_ROOT_CLASS = YES_ERROR;
				CLANG_WARN_RANGE_LOOP_ANALYSIS = YES;
				CLANG_WARN_STRICT_PROTOTYPES = YES;
				CLANG_WARN_SUSPICIOUS_MOVE = YES;
				CLANG_WARN_UNGUARDED_AVAILABILITY = YES_AGGRESSIVE;
				CLANG_WARN_UNREACHABLE_CODE = YES;
				CLANG_WARN__DUPLICATE_METHOD_MATCH = YES;
				CODE_SIGN_IDENTITY = "iPhone Developer";
				COPY_PHASE_STRIP = NO;
				DEBUG_INFORMATION_FORMAT = "dwarf-with-dsym";
				ENABLE_NS_ASSERTIONS = NO;
				ENABLE_STRICT_OBJC_MSGSEND = YES;
				GCC_C_LANGUAGE_STANDARD = gnu11;
				GCC_NO_COMMON_BLOCKS = YES;
				GCC_WARN_64_TO_32_BIT_CONVERSION = YES;
				GCC_WARN_ABOUT_RETURN_TYPE = YES_ERROR;
				GCC_WARN_UNDECLARED_SELECTOR = YES;
				GCC_WARN_UNINITIALIZED_AUTOS = YES_AGGRESSIVE;
				GCC_WARN_UNUSED_FUNCTION = YES;
				GCC_WARN_UNUSED_VARIABLE = YES;
				IPHONEOS_DEPLOYMENT_TARGET = 12.0;
				MTL_ENABLE_DEBUG_INFO = NO;
				MTL_FAST_MATH = YES;
				SDKROOT = iphoneos;
				SWIFT_COMPILATION_MODE = wholemodule;
				SWIFT_OPTIMIZATION_LEVEL = "-O";
				VALIDATE_PRODUCT = YES;
			};
			name = Release;
		};
		4404A0D42180D86600672D85 /* Debug */ = {
			isa = XCBuildConfiguration;
			buildSettings = {
				ASSETCATALOG_COMPILER_APPICON_NAME = AppIcon;
				CODE_SIGN_STYLE = Automatic;
				DEVELOPMENT_TEAM = NH6AR4LY3J;
				INFOPLIST_FILE = News/Info.plist;
				LD_RUNPATH_SEARCH_PATHS = (
					"$(inherited)",
					"@executable_path/Frameworks",
				);
				PRODUCT_BUNDLE_IDENTIFIER = LambdaSchool.News;
				PRODUCT_NAME = "$(TARGET_NAME)";
				SWIFT_VERSION = 4.2;
				TARGETED_DEVICE_FAMILY = "1,2";
			};
			name = Debug;
		};
		4404A0D52180D86600672D85 /* Release */ = {
			isa = XCBuildConfiguration;
			buildSettings = {
				ASSETCATALOG_COMPILER_APPICON_NAME = AppIcon;
				CODE_SIGN_STYLE = Automatic;
				DEVELOPMENT_TEAM = NH6AR4LY3J;
				INFOPLIST_FILE = News/Info.plist;
				LD_RUNPATH_SEARCH_PATHS = (
					"$(inherited)",
					"@executable_path/Frameworks",
				);
				PRODUCT_BUNDLE_IDENTIFIER = LambdaSchool.News;
				PRODUCT_NAME = "$(TARGET_NAME)";
				SWIFT_VERSION = 4.2;
				TARGETED_DEVICE_FAMILY = "1,2";
			};
			name = Release;
		};
/* End XCBuildConfiguration section */

/* Begin XCConfigurationList section */
		4404A0BC2180D85E00672D85 /* Build configuration list for PBXProject "News" */ = {
			isa = XCConfigurationList;
			buildConfigurations = (
				4404A0D12180D86600672D85 /* Debug */,
				4404A0D22180D86600672D85 /* Release */,
			);
			defaultConfigurationIsVisible = 0;
			defaultConfigurationName = Release;
		};
		4404A0D32180D86600672D85 /* Build configuration list for PBXNativeTarget "News" */ = {
			isa = XCConfigurationList;
			buildConfigurations = (
				4404A0D42180D86600672D85 /* Debug */,
				4404A0D52180D86600672D85 /* Release */,
			);
			defaultConfigurationIsVisible = 0;
			defaultConfigurationName = Release;
		};
/* End XCConfigurationList section */
	};
	rootObject = 4404A0B92180D85E00672D85 /* Project object */;
}
